
Microsoft Visual Studio Solution File, Format Version 12.00
# Visual Studio Version 17
VisualStudioVersion = 17.0.32014.148
MinimumVisualStudioVersion = 10.0.40219.1
Project("{9A19103F-16F7-4668-BE54-9A1E7A4F7556}") = "EvenOrOdd", "EvenOrOdd\EvenOrOdd.csproj", "{8FCDF723-56CA-4717-A793-18C9BA18DB51}"
EndProject
Project("{9A19103F-16F7-4668-BE54-9A1E7A4F7556}") = "FizzBuzz", "FizzBuzz\FizzBuzz.csproj", "{D528415B-98D3-4CF0-B1BA-A2AA8970EB3D}"
EndProject
Project("{FAE04EC0-301F-11D3-BF4B-00C04F79EFBC}") = "EvenOrOddTDD", "EvenOrOddTDD\EvenOrOddTDD.csproj", "{8C2CB4CB-4D08-46A8-AC44-1BF8B3F14796}"
EndProject
Global
	GlobalSection(SolutionConfigurationPlatforms) = preSolution
		Debug|Any CPU = Debug|Any CPU
		Release|Any CPU = Release|Any CPU
	EndGlobalSection
	GlobalSection(ProjectConfigurationPlatforms) = postSolution
		{8FCDF723-56CA-4717-A793-18C9BA18DB51}.Debug|Any CPU.ActiveCfg = Debug|Any CPU
		{8FCDF723-56CA-4717-A793-18C9BA18DB51}.Debug|Any CPU.Build.0 = Debug|Any CPU
		{8FCDF723-56CA-4717-A793-18C9BA18DB51}.Release|Any CPU.ActiveCfg = Release|Any CPU
		{8FCDF723-56CA-4717-A793-18C9BA18DB51}.Release|Any CPU.Build.0 = Release|Any CPU
		{D528415B-98D3-4CF0-B1BA-A2AA8970EB3D}.Debug|Any CPU.ActiveCfg = Debug|Any CPU
		{D528415B-98D3-4CF0-B1BA-A2AA8970EB3D}.Debug|Any CPU.Build.0 = Debug|Any CPU
		{D528415B-98D3-4CF0-B1BA-A2AA8970EB3D}.Release|Any CPU.ActiveCfg = Release|Any CPU
		{D528415B-98D3-4CF0-B1BA-A2AA8970EB3D}.Release|Any CPU.Build.0 = Release|Any CPU
		{8C2CB4CB-4D08-46A8-AC44-1BF8B3F14796}.Debug|Any CPU.ActiveCfg = Debug|Any CPU
		{8C2CB4CB-4D08-46A8-AC44-1BF8B3F14796}.Debug|Any CPU.Build.0 = Debug|Any CPU
		{8C2CB4CB-4D08-46A8-AC44-1BF8B3F14796}.Release|Any CPU.ActiveCfg = Release|Any CPU
		{8C2CB4CB-4D08-46A8-AC44-1BF8B3F14796}.Release|Any CPU.Build.0 = Release|Any CPU
	EndGlobalSection
	GlobalSection(SolutionProperties) = preSolution
		HideSolutionNode = FALSE
	EndGlobalSection
	GlobalSection(ExtensibilityGlobals) = postSolution
		SolutionGuid = {AF80A7FB-420A-44CE-A550-39263CD0BF11}
	EndGlobalSection
EndGlobal
